// !$*UTF8*$!
{
	archiveVersion = 1;
	classes = {
	};
	objectVersion = 46;
	objects = {

/* Begin PBXBuildFile section */
		46FF8107191A607900881B25 /* string.mm in Sources */ = {isa = PBXBuildFile; fileRef = 46FF8105191A607900881B25 /* string.mm */; };
		CA625416171AAFD600E6D484 /* UIKit.framework in Frameworks */ = {isa = PBXBuildFile; fileRef = CA625415171AAFD600E6D484 /* UIKit.framework */; };
		CA625418171AAFD600E6D484 /* Foundation.framework in Frameworks */ = {isa = PBXBuildFile; fileRef = CA625417171AAFD600E6D484 /* Foundation.framework */; };
		CA62541A171AAFD600E6D484 /* CoreGraphics.framework in Frameworks */ = {isa = PBXBuildFile; fileRef = CA625419171AAFD600E6D484 /* CoreGraphics.framework */; };
		CA625420171AAFD600E6D484 /* InfoPlist.strings in Resources */ = {isa = PBXBuildFile; fileRef = CA62541E171AAFD600E6D484 /* InfoPlist.strings */; };
		CA625422171AAFD600E6D484 /* main.m in Sources */ = {isa = PBXBuildFile; fileRef = CA625421171AAFD600E6D484 /* main.m */; };
		CA625426171AAFD600E6D484 /* AppDelegate.mm in Sources */ = {isa = PBXBuildFile; fileRef = CA625425171AAFD600E6D484 /* AppDelegate.mm */; };
		CA625428171AAFD600E6D484 /* Default.png in Resources */ = {isa = PBXBuildFile; fileRef = CA625427171AAFD600E6D484 /* Default.png */; };
		CA62542A171AAFD600E6D484 /* Default@2x.png in Resources */ = {isa = PBXBuildFile; fileRef = CA625429171AAFD600E6D484 /* Default@2x.png */; };
		CA62542C171AAFD600E6D484 /* Default-568h@2x.png in Resources */ = {isa = PBXBuildFile; fileRef = CA62542B171AAFD600E6D484 /* Default-568h@2x.png */; };
		CA625432171AAFD600E6D484 /* ViewController.xib in Resources */ = {isa = PBXBuildFile; fileRef = CA625430171AAFD600E6D484 /* ViewController.xib */; };
		CA625456171AD90C00E6D484 /* Rect.mm in Sources */ = {isa = PBXBuildFile; fileRef = CA625454171AD90C00E6D484 /* Rect.mm */; };
		CA62545F171AF47200E6D484 /* LeftViewController.mm in Sources */ = {isa = PBXBuildFile; fileRef = CA62545D171AF47200E6D484 /* LeftViewController.mm */; };
		CA625466171AFD7B00E6D484 /* Screen.mm in Sources */ = {isa = PBXBuildFile; fileRef = CA625465171AFD7B00E6D484 /* Screen.mm */; };
		CA625469171AFD8900E6D484 /* Window.mm in Sources */ = {isa = PBXBuildFile; fileRef = CA625468171AFD8900E6D484 /* Window.mm */; };
		CA62546E171AFD9400E6D484 /* ViewController.mm in Sources */ = {isa = PBXBuildFile; fileRef = CA62546B171AFD9400E6D484 /* ViewController.mm */; };
		CA625472171AFDCD00E6D484 /* TabbarController.mm in Sources */ = {isa = PBXBuildFile; fileRef = CA625470171AFDCD00E6D484 /* TabbarController.mm */; };
		CA625476171B00BF00E6D484 /* BaseViewController.mm in Sources */ = {isa = PBXBuildFile; fileRef = CA625474171B00BF00E6D484 /* BaseViewController.mm */; };
		CA625479171B023D00E6D484 /* ViewControllerProxy.mm in Sources */ = {isa = PBXBuildFile; fileRef = CA625478171B023D00E6D484 /* ViewControllerProxy.mm */; };
		CA62547F171B127000E6D484 /* RightViewController.mm in Sources */ = {isa = PBXBuildFile; fileRef = CA62547D171B127000E6D484 /* RightViewController.mm */; };
		CAD9782A171C8A8A00C370DE /* View.mm in Sources */ = {isa = PBXBuildFile; fileRef = CAD97828171C8A8A00C370DE /* View.mm */; };
/* End PBXBuildFile section */

/* Begin PBXFileReference section */
		46FF8105191A607900881B25 /* string.mm */ = {isa = PBXFileReference; fileEncoding = 4; lastKnownFileType = sourcecode.cpp.objcpp; path = string.mm; sourceTree = "<group>"; };
		46FF8106191A607900881B25 /* string.h */ = {isa = PBXFileReference; fileEncoding = 4; lastKnownFileType = sourcecode.c.h; path = string.h; sourceTree = "<group>"; };
		CA625412171AAFD600E6D484 /* LeafBridge.app */ = {isa = PBXFileReference; explicitFileType = wrapper.application; includeInIndex = 0; path = LeafBridge.app; sourceTree = BUILT_PRODUCTS_DIR; };
		CA625415171AAFD600E6D484 /* UIKit.framework */ = {isa = PBXFileReference; lastKnownFileType = wrapper.framework; name = UIKit.framework; path = System/Library/Frameworks/UIKit.framework; sourceTree = SDKROOT; };
		CA625417171AAFD600E6D484 /* Foundation.framework */ = {isa = PBXFileReference; lastKnownFileType = wrapper.framework; name = Foundation.framework; path = System/Library/Frameworks/Foundation.framework; sourceTree = SDKROOT; };
		CA625419171AAFD600E6D484 /* CoreGraphics.framework */ = {isa = PBXFileReference; lastKnownFileType = wrapper.framework; name = CoreGraphics.framework; path = System/Library/Frameworks/CoreGraphics.framework; sourceTree = SDKROOT; };
		CA62541D171AAFD600E6D484 /* LeafBridge-Info.plist */ = {isa = PBXFileReference; lastKnownFileType = text.plist.xml; path = "LeafBridge-Info.plist"; sourceTree = "<group>"; };
		CA62541F171AAFD600E6D484 /* en */ = {isa = PBXFileReference; lastKnownFileType = text.plist.strings; name = en; path = en.lproj/InfoPlist.strings; sourceTree = "<group>"; };
		CA625421171AAFD600E6D484 /* main.m */ = {isa = PBXFileReference; lastKnownFileType = sourcecode.c.objc; path = main.m; sourceTree = "<group>"; };
		CA625423171AAFD600E6D484 /* LeafBridge-Prefix.pch */ = {isa = PBXFileReference; lastKnownFileType = sourcecode.c.h; path = "LeafBridge-Prefix.pch"; sourceTree = "<group>"; };
		CA625424171AAFD600E6D484 /* AppDelegate.h */ = {isa = PBXFileReference; lastKnownFileType = sourcecode.c.h; path = AppDelegate.h; sourceTree = "<group>"; };
		CA625425171AAFD600E6D484 /* AppDelegate.mm */ = {isa = PBXFileReference; lastKnownFileType = sourcecode.cpp.objcpp; path = AppDelegate.mm; sourceTree = "<group>"; };
		CA625427171AAFD600E6D484 /* Default.png */ = {isa = PBXFileReference; lastKnownFileType = image.png; path = Default.png; sourceTree = "<group>"; };
		CA625429171AAFD600E6D484 /* Default@2x.png */ = {isa = PBXFileReference; lastKnownFileType = image.png; path = "Default@2x.png"; sourceTree = "<group>"; };
		CA62542B171AAFD600E6D484 /* Default-568h@2x.png */ = {isa = PBXFileReference; lastKnownFileType = image.png; path = "Default-568h@2x.png"; sourceTree = "<group>"; };
		CA625431171AAFD600E6D484 /* en */ = {isa = PBXFileReference; lastKnownFileType = file.xib; name = en; path = en.lproj/ViewController.xib; sourceTree = "<group>"; };
		CA625454171AD90C00E6D484 /* Rect.mm */ = {isa = PBXFileReference; fileEncoding = 4; lastKnownFileType = sourcecode.cpp.objcpp; path = Rect.mm; sourceTree = "<group>"; };
		CA625455171AD90C00E6D484 /* Rect.h */ = {isa = PBXFileReference; fileEncoding = 4; lastKnownFileType = sourcecode.c.h; path = Rect.h; sourceTree = "<group>"; };
		CA62545D171AF47200E6D484 /* LeftViewController.mm */ = {isa = PBXFileReference; fileEncoding = 4; lastKnownFileType = sourcecode.cpp.objcpp; path = LeftViewController.mm; sourceTree = "<group>"; };
		CA62545E171AF47200E6D484 /* LeftViewController.h */ = {isa = PBXFileReference; fileEncoding = 4; lastKnownFileType = sourcecode.c.h; path = LeftViewController.h; sourceTree = "<group>"; };
		CA625464171AFD7B00E6D484 /* Screen.h */ = {isa = PBXFileReference; fileEncoding = 4; lastKnownFileType = sourcecode.c.h; path = Screen.h; sourceTree = "<group>"; };
		CA625465171AFD7B00E6D484 /* Screen.mm */ = {isa = PBXFileReference; fileEncoding = 4; lastKnownFileType = sourcecode.cpp.objcpp; path = Screen.mm; sourceTree = "<group>"; };
		CA625467171AFD8900E6D484 /* Window.h */ = {isa = PBXFileReference; fileEncoding = 4; lastKnownFileType = sourcecode.c.h; path = Window.h; sourceTree = "<group>"; };
		CA625468171AFD8900E6D484 /* Window.mm */ = {isa = PBXFileReference; fileEncoding = 4; lastKnownFileType = sourcecode.cpp.objcpp; path = Window.mm; sourceTree = "<group>"; };
		CA62546A171AFD9400E6D484 /* ViewController.h */ = {isa = PBXFileReference; fileEncoding = 4; lastKnownFileType = sourcecode.c.h; path = ViewController.h; sourceTree = "<group>"; };
		CA62546B171AFD9400E6D484 /* ViewController.mm */ = {isa = PBXFileReference; fileEncoding = 4; lastKnownFileType = sourcecode.cpp.objcpp; path = ViewController.mm; sourceTree = "<group>"; };
		CA625470171AFDCD00E6D484 /* TabbarController.mm */ = {isa = PBXFileReference; fileEncoding = 4; lastKnownFileType = sourcecode.cpp.objcpp; path = TabbarController.mm; sourceTree = "<group>"; };
		CA625471171AFDCD00E6D484 /* TabbarController.h */ = {isa = PBXFileReference; fileEncoding = 4; lastKnownFileType = sourcecode.c.h; path = TabbarController.h; sourceTree = "<group>"; };
		CA625474171B00BF00E6D484 /* BaseViewController.mm */ = {isa = PBXFileReference; fileEncoding = 4; lastKnownFileType = sourcecode.cpp.objcpp; path = BaseViewController.mm; sourceTree = "<group>"; };
		CA625475171B00BF00E6D484 /* BaseViewController.h */ = {isa = PBXFileReference; fileEncoding = 4; lastKnownFileType = sourcecode.c.h; path = BaseViewController.h; sourceTree = "<group>"; };
		CA625477171B023D00E6D484 /* ViewControllerProxy.h */ = {isa = PBXFileReference; fileEncoding = 4; lastKnownFileType = sourcecode.c.h; path = ViewControllerProxy.h; sourceTree = "<group>"; };
		CA625478171B023D00E6D484 /* ViewControllerProxy.mm */ = {isa = PBXFileReference; fileEncoding = 4; lastKnownFileType = sourcecode.cpp.objcpp; path = ViewControllerProxy.mm; sourceTree = "<group>"; };
		CA62547D171B127000E6D484 /* RightViewController.mm */ = {isa = PBXFileReference; fileEncoding = 4; lastKnownFileType = sourcecode.cpp.objcpp; path = RightViewController.mm; sourceTree = "<group>"; };
		CA62547E171B127000E6D484 /* RightViewController.h */ = {isa = PBXFileReference; fileEncoding = 4; lastKnownFileType = sourcecode.c.h; path = RightViewController.h; sourceTree = "<group>"; };
		CAD97828171C8A8A00C370DE /* View.mm */ = {isa = PBXFileReference; fileEncoding = 4; lastKnownFileType = sourcecode.cpp.objcpp; path = View.mm; sourceTree = "<group>"; };
		CAD97829171C8A8A00C370DE /* View.h */ = {isa = PBXFileReference; fileEncoding = 4; lastKnownFileType = sourcecode.c.h; path = View.h; sourceTree = "<group>"; };
/* End PBXFileReference section */

/* Begin PBXFrameworksBuildPhase section */
		CA62540F171AAFD600E6D484 /* Frameworks */ = {
			isa = PBXFrameworksBuildPhase;
			buildActionMask = 2147483647;
			files = (
				CA625416171AAFD600E6D484 /* UIKit.framework in Frameworks */,
				CA625418171AAFD600E6D484 /* Foundation.framework in Frameworks */,
				CA62541A171AAFD600E6D484 /* CoreGraphics.framework in Frameworks */,
			);
			runOnlyForDeploymentPostprocessing = 0;
		};
/* End PBXFrameworksBuildPhase section */

/* Begin PBXGroup section */
		46FF8104191A606000881B25 /* ADT */ = {
			isa = PBXGroup;
			children = (
				46FF8106191A607900881B25 /* string.h */,
				46FF8105191A607900881B25 /* string.mm */,
			);
			path = ADT;
			sourceTree = "<group>";
		};
		CA625409171AAFD600E6D484 = {
			isa = PBXGroup;
			children = (
				CA62541B171AAFD600E6D484 /* LeafBridge */,
				CA625414171AAFD600E6D484 /* Frameworks */,
				CA625413171AAFD600E6D484 /* Products */,
			);
			sourceTree = "<group>";
		};
		CA625413171AAFD600E6D484 /* Products */ = {
			isa = PBXGroup;
			children = (
				CA625412171AAFD600E6D484 /* LeafBridge.app */,
			);
			name = Products;
			sourceTree = "<group>";
		};
		CA625414171AAFD600E6D484 /* Frameworks */ = {
			isa = PBXGroup;
			children = (
				CA625415171AAFD600E6D484 /* UIKit.framework */,
				CA625417171AAFD600E6D484 /* Foundation.framework */,
				CA625419171AAFD600E6D484 /* CoreGraphics.framework */,
			);
			name = Frameworks;
			sourceTree = "<group>";
		};
		CA62541B171AAFD600E6D484 /* LeafBridge */ = {
			isa = PBXGroup;
			children = (
				CA625439171AB00000E6D484 /* Sample */,
				CA625438171AAFE400E6D484 /* Core */,
				CA625424171AAFD600E6D484 /* AppDelegate.h */,
				CA625425171AAFD600E6D484 /* AppDelegate.mm */,
				CA625430171AAFD600E6D484 /* ViewController.xib */,
				CA62541C171AAFD600E6D484 /* Supporting Files */,
			);
			path = LeafBridge;
			sourceTree = "<group>";
		};
		CA62541C171AAFD600E6D484 /* Supporting Files */ = {
			isa = PBXGroup;
			children = (
				CA62541D171AAFD600E6D484 /* LeafBridge-Info.plist */,
				CA62541E171AAFD600E6D484 /* InfoPlist.strings */,
				CA625421171AAFD600E6D484 /* main.m */,
				CA625423171AAFD600E6D484 /* LeafBridge-Prefix.pch */,
				CA625427171AAFD600E6D484 /* Default.png */,
				CA625429171AAFD600E6D484 /* Default@2x.png */,
				CA62542B171AAFD600E6D484 /* Default-568h@2x.png */,
			);
			name = "Supporting Files";
			sourceTree = "<group>";
		};
		CA625438171AAFE400E6D484 /* Core */ = {
			isa = PBXGroup;
			children = (
				46FF8104191A606000881B25 /* ADT */,
				CA625453171AD8EB00E6D484 /* Geometry */,
				CA62543A171AB00E00E6D484 /* UIKit */,
			);
			path = Core;
			sourceTree = "<group>";
		};
		CA625439171AB00000E6D484 /* Sample */ = {
			isa = PBXGroup;
			children = (
				CA62545E171AF47200E6D484 /* LeftViewController.h */,
				CA62545D171AF47200E6D484 /* LeftViewController.mm */,
				CA62547E171B127000E6D484 /* RightViewController.h */,
				CA62547D171B127000E6D484 /* RightViewController.mm */,
			);
			path = Sample;
			sourceTree = "<group>";
		};
		CA62543A171AB00E00E6D484 /* UIKit */ = {
			isa = PBXGroup;
			children = (
				CA62548C171B2AFF00E6D484 /* View */,
				CA625473171B008300E6D484 /* BaseViewController */,
				CA625463171AFD3D00E6D484 /* TabbarController */,
				CA625462171AFD3700E6D484 /* Screen */,
				CA625461171AFD3200E6D484 /* Window */,
				CA625460171AFA7F00E6D484 /* ViewController */,
			);
			path = UIKit;
			sourceTree = "<group>";
		};
		CA625453171AD8EB00E6D484 /* Geometry */ = {
			isa = PBXGroup;
			children = (
				CA625455171AD90C00E6D484 /* Rect.h */,
				CA625454171AD90C00E6D484 /* Rect.mm */,
			);
			path = Geometry;
			sourceTree = "<group>";
		};
		CA625460171AFA7F00E6D484 /* ViewController */ = {
			isa = PBXGroup;
			children = (
				CA62546A171AFD9400E6D484 /* ViewController.h */,
				CA62546B171AFD9400E6D484 /* ViewController.mm */,
			);
			path = ViewController;
			sourceTree = "<group>";
		};
		CA625461171AFD3200E6D484 /* Window */ = {
			isa = PBXGroup;
			children = (
				CA625467171AFD8900E6D484 /* Window.h */,
				CA625468171AFD8900E6D484 /* Window.mm */,
			);
			path = Window;
			sourceTree = "<group>";
		};
		CA625462171AFD3700E6D484 /* Screen */ = {
			isa = PBXGroup;
			children = (
				CA625464171AFD7B00E6D484 /* Screen.h */,
				CA625465171AFD7B00E6D484 /* Screen.mm */,
			);
			path = Screen;
			sourceTree = "<group>";
		};
		CA625463171AFD3D00E6D484 /* TabbarController */ = {
			isa = PBXGroup;
			children = (
				CA625471171AFDCD00E6D484 /* TabbarController.h */,
				CA625470171AFDCD00E6D484 /* TabbarController.mm */,
			);
			path = TabbarController;
			sourceTree = "<group>";
		};
		CA625473171B008300E6D484 /* BaseViewController */ = {
			isa = PBXGroup;
			children = (
				CA625477171B023D00E6D484 /* ViewControllerProxy.h */,
				CA625478171B023D00E6D484 /* ViewControllerProxy.mm */,
				CA625475171B00BF00E6D484 /* BaseViewController.h */,
				CA625474171B00BF00E6D484 /* BaseViewController.mm */,
			);
			path = BaseViewController;
			sourceTree = "<group>";
		};
		CA62548C171B2AFF00E6D484 /* View */ = {
			isa = PBXGroup;
			children = (
				CAD97829171C8A8A00C370DE /* View.h */,
				CAD97828171C8A8A00C370DE /* View.mm */,
			);
			path = View;
			sourceTree = "<group>";
		};
/* End PBXGroup section */

/* Begin PBXNativeTarget section */
		CA625411171AAFD600E6D484 /* LeafBridge */ = {
			isa = PBXNativeTarget;
			buildConfigurationList = CA625435171AAFD600E6D484 /* Build configuration list for PBXNativeTarget "LeafBridge" */;
			buildPhases = (
				CA62540E171AAFD600E6D484 /* Sources */,
				CA62540F171AAFD600E6D484 /* Frameworks */,
				CA625410171AAFD600E6D484 /* Resources */,
			);
			buildRules = (
			);
			dependencies = (
			);
			name = LeafBridge;
			productName = LeafBridge;
			productReference = CA625412171AAFD600E6D484 /* LeafBridge.app */;
			productType = "com.apple.product-type.application";
		};
/* End PBXNativeTarget section */

/* Begin PBXProject section */
		CA62540A171AAFD600E6D484 /* Project object */ = {
			isa = PBXProject;
			attributes = {
				LastUpgradeCheck = 0460;
				ORGANIZATIONNAME = okolodev;
			};
			buildConfigurationList = CA62540D171AAFD600E6D484 /* Build configuration list for PBXProject "LeafBridge" */;
			compatibilityVersion = "Xcode 3.2";
			developmentRegion = English;
			hasScannedForEncodings = 0;
			knownRegions = (
				en,
			);
			mainGroup = CA625409171AAFD600E6D484;
			productRefGroup = CA625413171AAFD600E6D484 /* Products */;
			projectDirPath = "";
			projectRoot = "";
			targets = (
				CA625411171AAFD600E6D484 /* LeafBridge */,
			);
		};
/* End PBXProject section */

/* Begin PBXResourcesBuildPhase section */
		CA625410171AAFD600E6D484 /* Resources */ = {
			isa = PBXResourcesBuildPhase;
			buildActionMask = 2147483647;
			files = (
				CA625420171AAFD600E6D484 /* InfoPlist.strings in Resources */,
				CA625428171AAFD600E6D484 /* Default.png in Resources */,
				CA62542A171AAFD600E6D484 /* Default@2x.png in Resources */,
				CA62542C171AAFD600E6D484 /* Default-568h@2x.png in Resources */,
				CA625432171AAFD600E6D484 /* ViewController.xib in Resources */,
			);
			runOnlyForDeploymentPostprocessing = 0;
		};
/* End PBXResourcesBuildPhase section */

/* Begin PBXSourcesBuildPhase section */
		CA62540E171AAFD600E6D484 /* Sources */ = {
			isa = PBXSourcesBuildPhase;
			buildActionMask = 2147483647;
			files = (
				CA625422171AAFD600E6D484 /* main.m in Sources */,
				CA625426171AAFD600E6D484 /* AppDelegate.mm in Sources */,
				CA625456171AD90C00E6D484 /* Rect.mm in Sources */,
				CA62545F171AF47200E6D484 /* LeftViewController.mm in Sources */,
				CA625466171AFD7B00E6D484 /* Screen.mm in Sources */,
				CA625469171AFD8900E6D484 /* Window.mm in Sources */,
				CA62546E171AFD9400E6D484 /* ViewController.mm in Sources */,
				CA625472171AFDCD00E6D484 /* TabbarController.mm in Sources */,
				CA625476171B00BF00E6D484 /* BaseViewController.mm in Sources */,
				CA625479171B023D00E6D484 /* ViewControllerProxy.mm in Sources */,
				CA62547F171B127000E6D484 /* RightViewController.mm in Sources */,
				CAD9782A171C8A8A00C370DE /* View.mm in Sources */,
				46FF8107191A607900881B25 /* string.mm in Sources */,
			);
			runOnlyForDeploymentPostprocessing = 0;
		};
/* End PBXSourcesBuildPhase section */

/* Begin PBXVariantGroup section */
		CA62541E171AAFD600E6D484 /* InfoPlist.strings */ = {
			isa = PBXVariantGroup;
			children = (
				CA62541F171AAFD600E6D484 /* en */,
			);
			name = InfoPlist.strings;
			sourceTree = "<group>";
		};
		CA625430171AAFD600E6D484 /* ViewController.xib */ = {
			isa = PBXVariantGroup;
			children = (
				CA625431171AAFD600E6D484 /* en */,
			);
			name = ViewController.xib;
			sourceTree = "<group>";
		};
/* End PBXVariantGroup section */

/* Begin XCBuildConfiguration section */
		CA625433171AAFD600E6D484 /* Debug */ = {
			isa = XCBuildConfiguration;
			buildSettings = {
				ALWAYS_SEARCH_USER_PATHS = NO;
				CLANG_CXX_LANGUAGE_STANDARD = "gnu++0x";
				CLANG_CXX_LIBRARY = "libc++";
				CLANG_ENABLE_OBJC_ARC = YES;
				CLANG_WARN_CONSTANT_CONVERSION = YES;
				CLANG_WARN_EMPTY_BODY = YES;
				CLANG_WARN_ENUM_CONVERSION = YES;
				CLANG_WARN_INT_CONVERSION = YES;
				CLANG_WARN__DUPLICATE_METHOD_MATCH = YES;
				"CODE_SIGN_IDENTITY[sdk=iphoneos*]" = "iPhone Developer";
				COPY_PHASE_STRIP = NO;
				GCC_C_LANGUAGE_STANDARD = gnu99;
				GCC_DYNAMIC_NO_PIC = NO;
				GCC_OPTIMIZATION_LEVEL = 0;
				GCC_PREPROCESSOR_DEFINITIONS = (
					"DEBUG=1",
					"$(inherited)",
				);
				GCC_SYMBOLS_PRIVATE_EXTERN = NO;
				GCC_WARN_ABOUT_RETURN_TYPE = YES;
				GCC_WARN_UNINITIALIZED_AUTOS = YES;
				GCC_WARN_UNUSED_VARIABLE = YES;
				IPHONEOS_DEPLOYMENT_TARGET = 6.1;
				ONLY_ACTIVE_ARCH = YES;
				SDKROOT = iphoneos;
			};
			name = Debug;
		};
		CA625434171AAFD600E6D484 /* Release */ = {
			isa = XCBuildConfiguration;
			buildSettings = {
				ALWAYS_SEARCH_USER_PATHS = NO;
				CLANG_CXX_LANGUAGE_STANDARD = "gnu++0x";
				CLANG_CXX_LIBRARY = "libc++";
				CLANG_ENABLE_OBJC_ARC = YES;
				CLANG_WARN_CONSTANT_CONVERSION = YES;
				CLANG_WARN_EMPTY_BODY = YES;
				CLANG_WARN_ENUM_CONVERSION = YES;
				CLANG_WARN_INT_CONVERSION = YES;
				CLANG_WARN__DUPLICATE_METHOD_MATCH = YES;
				"CODE_SIGN_IDENTITY[sdk=iphoneos*]" = "iPhone Developer";
				COPY_PHASE_STRIP = YES;
				GCC_C_LANGUAGE_STANDARD = gnu99;
				GCC_WARN_ABOUT_RETURN_TYPE = YES;
				GCC_WARN_UNINITIALIZED_AUTOS = YES;
				GCC_WARN_UNUSED_VARIABLE = YES;
				IPHONEOS_DEPLOYMENT_TARGET = 6.1;
				OTHER_CFLAGS = "-DNS_BLOCK_ASSERTIONS=1";
				SDKROOT = iphoneos;
				VALIDATE_PRODUCT = YES;
			};
			name = Release;
		};
		CA625436171AAFD600E6D484 /* Debug */ = {
			isa = XCBuildConfiguration;
			buildSettings = {
				GCC_PRECOMPILE_PREFIX_HEADER = YES;
				GCC_PREFIX_HEADER = "LeafBridge/LeafBridge-Prefix.pch";
				INFOPLIST_FILE = "LeafBridge/LeafBridge-Info.plist";
				PRODUCT_NAME = "$(TARGET_NAME)";
				WRAPPER_EXTENSION = app;
			};
			name = Debug;
		};
		CA625437171AAFD600E6D484 /* Release */ = {
			isa = XCBuildConfiguration;
			buildSettings = {
				GCC_PRECOMPILE_PREFIX_HEADER = YES;
				GCC_PREFIX_HEADER = "LeafBridge/LeafBridge-Prefix.pch";
				INFOPLIST_FILE = "LeafBridge/LeafBridge-Info.plist";
				PRODUCT_NAME = "$(TARGET_NAME)";
				WRAPPER_EXTENSION = app;
			};
			name = Release;
		};
/* End XCBuildConfiguration section */

/* Begin XCConfigurationList section */
		CA62540D171AAFD600E6D484 /* Build configuration list for PBXProject "LeafBridge" */ = {
			isa = XCConfigurationList;
			buildConfigurations = (
				CA625433171AAFD600E6D484 /* Debug */,
				CA625434171AAFD600E6D484 /* Release */,
			);
			defaultConfigurationIsVisible = 0;
			defaultConfigurationName = Release;
		};
		CA625435171AAFD600E6D484 /* Build configuration list for PBXNativeTarget "LeafBridge" */ = {
			isa = XCConfigurationList;
			buildConfigurations = (
				CA625436171AAFD600E6D484 /* Debug */,
				CA625437171AAFD600E6D484 /* Release */,
			);
			defaultConfigurationIsVisible = 0;
			defaultConfigurationName = Release;
		};
/* End XCConfigurationList section */
	};
	rootObject = CA62540A171AAFD600E6D484 /* Project object */;
}
